// !$*UTF8*$!
{
	archiveVersion = 1;
	classes = {
	};
	objectVersion = 46;
	objects = {

/* Begin PBXBuildFile section */
		CC905E701CC0BD430019D9D8 /* main.m in Sources */ = {isa = PBXBuildFile; fileRef = CC905E6F1CC0BD430019D9D8 /* main.m */; };
		CC905E781CC0BDA60019D9D8 /* NSArray+show.m in Sources */ = {isa = PBXBuildFile; fileRef = CC905E771CC0BDA60019D9D8 /* NSArray+show.m */; };
		CC905E7B1CC0BFEB0019D9D8 /* Person.m in Sources */ = {isa = PBXBuildFile; fileRef = CC905E7A1CC0BFEB0019D9D8 /* Person.m */; };
/* End PBXBuildFile section */

/* Begin PBXCopyFilesBuildPhase section */
		CC905E6A1CC0BD430019D9D8 /* CopyFiles */ = {
			isa = PBXCopyFilesBuildPhase;
			buildActionMask = 2147483647;
			dstPath = /usr/share/man/man1/;
			dstSubfolderSpec = 0;
			files = (
			);
			runOnlyForDeploymentPostprocessing = 1;
		};
/* End PBXCopyFilesBuildPhase section */

/* Begin PBXFileReference section */
		CC905E6C1CC0BD430019D9D8 /* OC 串讲（类别VS扩展） */ = {isa = PBXFileReference; explicitFileType = "compiled.mach-o.executable"; includeInIndex = 0; path = "OC 串讲（类别VS扩展）"; sourceTree = BUILT_PRODUCTS_DIR; };
		CC905E6F1CC0BD430019D9D8 /* main.m */ = {isa = PBXFileReference; lastKnownFileType = sourcecode.c.objc; path = main.m; sourceTree = "<group>"; };
		CC905E761CC0BDA60019D9D8 /* NSArray+show.h */ = {isa = PBXFileReference; fileEncoding = 4; lastKnownFileType = sourcecode.c.h; path = "NSArray+show.h"; sourceTree = "<group>"; };
		CC905E771CC0BDA60019D9D8 /* NSArray+show.m */ = {isa = PBXFileReference; fileEncoding = 4; lastKnownFileType = sourcecode.c.objc; path = "NSArray+show.m"; sourceTree = "<group>"; };
		CC905E791CC0BFEB0019D9D8 /* Person.h */ = {isa = PBXFileReference; fileEncoding = 4; lastKnownFileType = sourcecode.c.h; path = Person.h; sourceTree = "<group>"; };
		CC905E7A1CC0BFEB0019D9D8 /* Person.m */ = {isa = PBXFileReference; fileEncoding = 4; lastKnownFileType = sourcecode.c.objc; path = Person.m; sourceTree = "<group>"; };
		CC905E7D1CC0C1550019D9D8 /* Person_print.h */ = {isa = PBXFileReference; fileEncoding = 4; lastKnownFileType = sourcecode.c.h; path = Person_print.h; sourceTree = "<group>"; };
/* End PBXFileReference section */

/* Begin PBXFrameworksBuildPhase section */
		CC905E691CC0BD430019D9D8 /* Frameworks */ = {
			isa = PBXFrameworksBuildPhase;
			buildActionMask = 2147483647;
			files = (
			);
			runOnlyForDeploymentPostprocessing = 0;
		};
/* End PBXFrameworksBuildPhase section */

/* Begin PBXGroup section */
		CC905E631CC0BD430019D9D8 = {
			isa = PBXGroup;
			children = (
				CC905E6E1CC0BD430019D9D8 /* OC 串讲（类别VS扩展） */,
				CC905E6D1CC0BD430019D9D8 /* Products */,
			);
			sourceTree = "<group>";
		};
		CC905E6D1CC0BD430019D9D8 /* Products */ = {
			isa = PBXGroup;
			children = (
				CC905E6C1CC0BD430019D9D8 /* OC 串讲（类别VS扩展） */,
			);
			name = Products;
			sourceTree = "<group>";
		};
		CC905E6E1CC0BD430019D9D8 /* OC 串讲（类别VS扩展） */ = {
			isa = PBXGroup;
			children = (
				CC905E6F1CC0BD430019D9D8 /* main.m */,
				CC905E761CC0BDA60019D9D8 /* NSArray+show.h */,
				CC905E771CC0BDA60019D9D8 /* NSArray+show.m */,
				CC905E791CC0BFEB0019D9D8 /* Person.h */,
				CC905E7A1CC0BFEB0019D9D8 /* Person.m */,
				CC905E7D1CC0C1550019D9D8 /* Person_print.h */,
			);
			path = "OC 串讲（类别VS扩展）";
			sourceTree = "<group>";
		};
/* End PBXGroup section */

/* Begin PBXNativeTarget section */
		CC905E6B1CC0BD430019D9D8 /* OC 串讲（类别VS扩展） */ = {
			isa = PBXNativeTarget;
			buildConfigurationList = CC905E731CC0BD430019D9D8 /* Build configuration list for PBXNativeTarget "OC 串讲（类别VS扩展）" */;
			buildPhases = (
				CC905E681CC0BD430019D9D8 /* Sources */,
				CC905E691CC0BD430019D9D8 /* Frameworks */,
				CC905E6A1CC0BD430019D9D8 /* CopyFiles */,
			);
			buildRules = (
			);
			dependencies = (
			);
			name = "OC 串讲（类别VS扩展）";
			productName = "OC 串讲（类别VS扩展）";
			productReference = CC905E6C1CC0BD430019D9D8 /* OC 串讲（类别VS扩展） */;
			productType = "com.apple.product-type.tool";
		};
/* End PBXNativeTarget section */

/* Begin PBXProject section */
		CC905E641CC0BD430019D9D8 /* Project object */ = {
			isa = PBXProject;
			attributes = {
				LastUpgradeCheck = 0710;
				ORGANIZATIONNAME = QingYun;
				TargetAttributes = {
					CC905E6B1CC0BD430019D9D8 = {
						CreatedOnToolsVersion = 7.1.1;
					};
				};
			};
			buildConfigurationList = CC905E671CC0BD430019D9D8 /* Build configuration list for PBXProject "OC 串讲（类别VS扩展）" */;
			compatibilityVersion = "Xcode 3.2";
			developmentRegion = English;
			hasScannedForEncodings = 0;
			knownRegions = (
				en,
			);
			mainGroup = CC905E631CC0BD430019D9D8;
			productRefGroup = CC905E6D1CC0BD430019D9D8 /* Products */;
			projectDirPath = "";
			projectRoot = "";
			targets = (
				CC905E6B1CC0BD430019D9D8 /* OC 串讲（类别VS扩展） */,
			);
		};
/* End PBXProject section */

/* Begin PBXSourcesBuildPhase section */
		CC905E681CC0BD430019D9D8 /* Sources */ = {
			isa = PBXSourcesBuildPhase;
			buildActionMask = 2147483647;
			files = (
				CC905E7B1CC0BFEB0019D9D8 /* Person.m in Sources */,
				CC905E701CC0BD430019D9D8 /* main.m in Sources */,
				CC905E781CC0BDA60019D9D8 /* NSArray+show.m in Sources */,
			);
			runOnlyForDeploymentPostprocessing = 0;
		};
/* End PBXSourcesBuildPhase section */

/* Begin XCBuildConfiguration section */
		CC905E711CC0BD430019D9D8 /* Debug */ = {
			isa = XCBuildConfiguration;
			buildSettings = {
				ALWAYS_SEARCH_USER_PATHS = NO;
				CLANG_CXX_LANGUAGE_STANDARD = "gnu++0x";
				CLANG_CXX_LIBRARY = "libc++";
				CLANG_ENABLE_MODULES = YES;
				CLANG_ENABLE_OBJC_ARC = YES;
				CLANG_WARN_BOOL_CONVERSION = YES;
				CLANG_WARN_CONSTANT_CONVERSION = YES;
				CLANG_WARN_DIRECT_OBJC_ISA_USAGE = YES_ERROR;
				CLANG_WARN_EMPTY_BODY = YES;
				CLANG_WARN_ENUM_CONVERSION = YES;
				CLANG_WARN_INT_CONVERSION = YES;
				CLANG_WARN_OBJC_ROOT_CLASS = YES_ERROR;
				CLANG_WARN_UNREACHABLE_CODE = YES;
				CLANG_WARN__DUPLICATE_METHOD_MATCH = YES;
				CODE_SIGN_IDENTITY = "-";
				COPY_PHASE_STRIP = NO;
				DEBUG_INFORMATION_FORMAT = dwarf;
				ENABLE_STRICT_OBJC_MSGSEND = YES;
				ENABLE_TESTABILITY = YES;
				GCC_C_LANGUAGE_STANDARD = gnu99;
				GCC_DYNAMIC_NO_PIC = NO;
				GCC_NO_COMMON_BLOCKS = YES;
				GCC_OPTIMIZATION_LEVEL = 0;
				GCC_PREPROCESSOR_DEFINITIONS = (
					"DEBUG=1",
					"$(inherited)",
				);
				GCC_WARN_64_TO_32_BIT_CONVERSION = YES;
				GCC_WARN_ABOUT_RETURN_TYPE = YES_ERROR;
				GCC_WARN_UNDECLARED_SELECTOR = YES;
				GCC_WARN_UNINITIALIZED_AUTOS = YES_AGGRESSIVE;
				GCC_WARN_UNUSED_FUNCTION = YES;
				GCC_WARN_UNUSED_VARIABLE = YES;
				MACOSX_DEPLOYMENT_TARGET = 10.11;
				MTL_ENABLE_DEBUG_INFO = YES;
				ONLY_ACTIVE_ARCH = YES;
				SDKROOT = macosx;
			};
			name = Debug;
		};
		CC905E721CC0BD430019D9D8 /* Release */ = {
			isa = XCBuildConfiguration;
			buildSettings = {
				ALWAYS_SEARCH_USER_PATHS = NO;
				CLANG_CXX_LANGUAGE_STANDARD = "gnu++0x";
				CLANG_CXX_LIBRARY = "libc++";
				CLANG_ENABLE_MODULES = YES;
				CLANG_ENABLE_OBJC_ARC = YES;
				CLANG_WARN_BOOL_CONVERSION = YES;
				CLANG_WARN_CONSTANT_CONVERSION = YES;
				CLANG_WARN_DIRECT_OBJC_ISA_USAGE = YES_ERROR;
				CLANG_WARN_EMPTY_BODY = YES;
				CLANG_WARN_ENUM_CONVERSION = YES;
				CLANG_WARN_INT_CONVERSION = YES;
				CLANG_WARN_OBJC_ROOT_CLASS = YES_ERROR;
				CLANG_WARN_UNREACHABLE_CODE = YES;
				CLANG_WARN__DUPLICATE_METHOD_MATCH = YES;
				CODE_SIGN_IDENTITY = "-";
				COPY_PHASE_STRIP = NO;
				DEBUG_INFORMATION_FORMAT = "dwarf-with-dsym";
				ENABLE_NS_ASSERTIONS = NO;
				ENABLE_STRICT_OBJC_MSGSEND = YES;
				GCC_C_LANGUAGE_STANDARD = gnu99;
				GCC_NO_COMMON_BLOCKS = YES;
				GCC_WARN_64_TO_32_BIT_CONVERSION = YES;
				GCC_WARN_ABOUT_RETURN_TYPE = YES_ERROR;
				GCC_WARN_UNDECLARED_SELECTOR = YES;
				GCC_WARN_UNINITIALIZED_AUTOS = YES_AGGRESSIVE;
				GCC_WARN_UNUSED_FUNCTION = YES;
				GCC_WARN_UNUSED_VARIABLE = YES;
				MACOSX_DEPLOYMENT_TARGET = 10.11;
				MTL_ENABLE_DEBUG_INFO = NO;
				SDKROOT = macosx;
			};
			name = Release;
		};
		CC905E741CC0BD430019D9D8 /* Debug */ = {
			isa = XCBuildConfiguration;
			buildSettings = {
				PRODUCT_NAME = "$(TARGET_NAME)";
			};
			name = Debug;
		};
		CC905E751CC0BD430019D9D8 /* Release */ = {
			isa = XCBuildConfiguration;
			buildSettings = {
				PRODUCT_NAME = "$(TARGET_NAME)";
			};
			name = Release;
		};
/* End XCBuildConfiguration section */

/* Begin XCConfigurationList section */
		CC905E671CC0BD430019D9D8 /* Build configuration list for PBXProject "OC 串讲（类别VS扩展）" */ = {
			isa = XCConfigurationList;
			buildConfigurations = (
				CC905E711CC0BD430019D9D8 /* Debug */,
				CC905E721CC0BD430019D9D8 /* Release */,
			);
			defaultConfigurationIsVisible = 0;
			defaultConfigurationName = Release;
		};
		CC905E731CC0BD430019D9D8 /* Build configuration list for PBXNativeTarget "OC 串讲（类别VS扩展）" */ = {
			isa = XCConfigurationList;
			buildConfigurations = (
				CC905E741CC0BD430019D9D8 /* Debug */,
				CC905E751CC0BD430019D9D8 /* Release */,
			);
			defaultConfigurationIsVisible = 0;
		};
/* End XCConfigurationList section */
	};
	rootObject = CC905E641CC0BD430019D9D8 /* Project object */;
}
